
Microsoft Visual Studio Solution File, Format Version 12.00
# Visual Studio Version 17
VisualStudioVersion = 17.9.34728.123
MinimumVisualStudioVersion = 10.0.40219.1
Project("{FAE04EC0-301F-11D3-BF4B-00C04F79EFBC}") = "LINQ_Training", "LINQ_Training\LINQ_Training.csproj", "{B177A963-67EA-4A82-BB78-BA16F245D495}"
EndProject
Project("{FAE04EC0-301F-11D3-BF4B-00C04F79EFBC}") = "LINQ_Training_Pt_2", "LINQ_Training_Pt_2\LINQ_Training_Pt_2.csproj", "{7B6AB74B-B11F-42CD-8882-C281320147CF}"
EndProject
Global
	GlobalSection(SolutionConfigurationPlatforms) = preSolution
		Debug|Any CPU = Debug|Any CPU
		Release|Any CPU = Release|Any CPU
	EndGlobalSection
	GlobalSection(ProjectConfigurationPlatforms) = postSolution
		{B177A963-67EA-4A82-BB78-BA16F245D495}.Debug|Any CPU.ActiveCfg = Debug|Any CPU
		{B177A963-67EA-4A82-BB78-BA16F245D495}.Debug|Any CPU.Build.0 = Debug|Any CPU
		{B177A963-67EA-4A82-BB78-BA16F245D495}.Release|Any CPU.ActiveCfg = Release|Any CPU
		{B177A963-67EA-4A82-BB78-BA16F245D495}.Release|Any CPU.Build.0 = Release|Any CPU
		{7B6AB74B-B11F-42CD-8882-C281320147CF}.Debug|Any CPU.ActiveCfg = Debug|Any CPU
		{7B6AB74B-B11F-42CD-8882-C281320147CF}.Debug|Any CPU.Build.0 = Debug|Any CPU
		{7B6AB74B-B11F-42CD-8882-C281320147CF}.Release|Any CPU.ActiveCfg = Release|Any CPU
		{7B6AB74B-B11F-42CD-8882-C281320147CF}.Release|Any CPU.Build.0 = Release|Any CPU
	EndGlobalSection
	GlobalSection(SolutionProperties) = preSolution
		HideSolutionNode = FALSE
	EndGlobalSection
	GlobalSection(ExtensibilityGlobals) = postSolution
		SolutionGuid = {FE3878C1-0B4F-4274-A780-91A7579226B6}
	EndGlobalSection
EndGlobal
